
Microsoft Visual Studio Solution File, Format Version 12.00
# Visual Studio Version 17
VisualStudioVersion = 17.6.33829.357
MinimumVisualStudioVersion = 10.0.40219.1
Project("{9A19103F-16F7-4668-BE54-9A1E7A4F7556}") = "PlaywrightAutomation", "PlaywrightAutomation.csproj", "{1533C5D3-CCE9-4064-BB2F-835F8F3799A5}"
EndProject
Project("{FAE04EC0-301F-11D3-BF4B-00C04F79EFBC}") = "ProgrammingInCSharp", "..\ProgrammingInCSharp\ProgrammingInCSharp.csproj", "{6622B302-0256-4F0C-8E62-6F05BE9C8CB5}"
EndProject
Global
	GlobalSection(SolutionConfigurationPlatforms) = preSolution
		Debug|Any CPU = Debug|Any CPU
		Release|Any CPU = Release|Any CPU
	EndGlobalSection
	GlobalSection(ProjectConfigurationPlatforms) = postSolution
		{1533C5D3-CCE9-4064-BB2F-835F8F3799A5}.Debug|Any CPU.ActiveCfg = Debug|Any CPU
		{1533C5D3-CCE9-4064-BB2F-835F8F3799A5}.Debug|Any CPU.Build.0 = Debug|Any CPU
		{1533C5D3-CCE9-4064-BB2F-835F8F3799A5}.Release|Any CPU.ActiveCfg = Release|Any CPU
		{1533C5D3-CCE9-4064-BB2F-835F8F3799A5}.Release|Any CPU.Build.0 = Release|Any CPU
		{6622B302-0256-4F0C-8E62-6F05BE9C8CB5}.Debug|Any CPU.ActiveCfg = Debug|Any CPU
		{6622B302-0256-4F0C-8E62-6F05BE9C8CB5}.Debug|Any CPU.Build.0 = Debug|Any CPU
		{6622B302-0256-4F0C-8E62-6F05BE9C8CB5}.Release|Any CPU.ActiveCfg = Release|Any CPU
		{6622B302-0256-4F0C-8E62-6F05BE9C8CB5}.Release|Any CPU.Build.0 = Release|Any CPU
	EndGlobalSection
	GlobalSection(SolutionProperties) = preSolution
		HideSolutionNode = FALSE
	EndGlobalSection
	GlobalSection(ExtensibilityGlobals) = postSolution
		SolutionGuid = {098AE0C4-5DBD-4FD9-9F34-1F767B5B03D9}
	EndGlobalSection
EndGlobal
